# THIS IS AN AUTOGENERATED FILE. DO NOT EDIT THIS FILE DIRECTLY.
# yarn lockfile v1


jquery@^3.3.1, jquery@^3.4.1:
  version "3.4.1"
  resolved "https://registry.yarnpkg.com/jquery/-/jquery-3.4.1.tgz#714f1f8d9dde4bdfa55764ba37ef214630d80ef2"
  integrity sha512-36+AdBzCL+y6qjw5Tx7HgzeGCzC81MDDgaUP8ld2zhx58HdqXGoBd+tHdrBMiyjGQs0Hxs/MLZTu/eHNJJuWPw==

raty-js@^2.9.0:
  version "2.9.0"
  resolved "https://registry.yarnpkg.com/raty-js/-/raty-js-2.9.0.tgz#63076c3e17d6d9824d3998fe0a5d4625022db6fb"
  integrity sha512-sh4w6Zebi3JGmhdc6KEPVXZVkgE75j3F/0aA/CV6uq4I06AS82y8p6Kpiwh1cnmZiWbjeARv/4XQKpio68X8RA==
  dependencies:
    jquery "^3.3.1"
